
Microsoft Visual Studio Solution File, Format Version 12.00
# Visual Studio Version 17
VisualStudioVersion = 17.5.33530.505
MinimumVisualStudioVersion = 10.0.40219.1
Project("{FAE04EC0-301F-11D3-BF4B-00C04F79EFBC}") = "gunlukrapor", "gunlukrapor.csproj", "{753C0DA3-552C-43D5-83D7-B606A6B9C006}"
EndProject
Project("{54435603-DBB4-11D2-8724-00A0C9A8B90C}") = "EnverServisSetup", "..\EnverServisSetup\EnverServisSetup.vdproj", "{6E671E48-04F3-422C-9E56-E89E5E7F3DAF}"
EndProject
Global
	GlobalSection(SolutionConfigurationPlatforms) = preSolution
		Debug|Any CPU = Debug|Any CPU
		Release|Any CPU = Release|Any CPU
	EndGlobalSection
	GlobalSection(ProjectConfigurationPlatforms) = postSolution
		{753C0DA3-552C-43D5-83D7-B606A6B9C006}.Debug|Any CPU.ActiveCfg = Debug|Any CPU
		{753C0DA3-552C-43D5-83D7-B606A6B9C006}.Debug|Any CPU.Build.0 = Debug|Any CPU
		{753C0DA3-552C-43D5-83D7-B606A6B9C006}.Release|Any CPU.ActiveCfg = Release|Any CPU
		{753C0DA3-552C-43D5-83D7-B606A6B9C006}.Release|Any CPU.Build.0 = Release|Any CPU
		{6E671E48-04F3-422C-9E56-E89E5E7F3DAF}.Debug|Any CPU.ActiveCfg = Debug
		{6E671E48-04F3-422C-9E56-E89E5E7F3DAF}.Release|Any CPU.ActiveCfg = Release
	EndGlobalSection
	GlobalSection(SolutionProperties) = preSolution
		HideSolutionNode = FALSE
	EndGlobalSection
	GlobalSection(ExtensibilityGlobals) = postSolution
		SolutionGuid = {BF21A720-3884-4D08-B6A7-A44B90E89B1E}
	EndGlobalSection
EndGlobal
